version: v0.139.9
dependencies:
- name: loki
  repository: https://grafana.github.io/helm-charts
  version: 2.5.2
- name: promtail
  repository: https://grafana.github.io/helm-charts
  version: 3.6.0
digest: sha256:a237fb40fff4b24612b08118084480b13771d28a3d98bc4821abf22b2ac9dcf1
generated: "2021-07-12T21:24:48.49837+01:00"
